
Microsoft Visual Studio Solution File, Format Version 12.00
# Visual Studio Version 17
VisualStudioVersion = 17.4.33205.214
MinimumVisualStudioVersion = 10.0.40219.1
Project("{FAE04EC0-301F-11D3-BF4B-00C04F79EFBC}") = "OgrenciNotMvc", "OgrenciNotMvc\OgrenciNotMvc.csproj", "{781095ED-D02F-4A8C-8690-FB3D7B9C8537}"
EndProject
Global
	GlobalSection(SolutionConfigurationPlatforms) = preSolution
		Debug|Any CPU = Debug|Any CPU
		Release|Any CPU = Release|Any CPU
	EndGlobalSection
	GlobalSection(ProjectConfigurationPlatforms) = postSolution
		{781095ED-D02F-4A8C-8690-FB3D7B9C8537}.Debug|Any CPU.ActiveCfg = Debug|Any CPU
		{781095ED-D02F-4A8C-8690-FB3D7B9C8537}.Debug|Any CPU.Build.0 = Debug|Any CPU
		{781095ED-D02F-4A8C-8690-FB3D7B9C8537}.Release|Any CPU.ActiveCfg = Release|Any CPU
		{781095ED-D02F-4A8C-8690-FB3D7B9C8537}.Release|Any CPU.Build.0 = Release|Any CPU
	EndGlobalSection
	GlobalSection(SolutionProperties) = preSolution
		HideSolutionNode = FALSE
	EndGlobalSection
	GlobalSection(ExtensibilityGlobals) = postSolution
		SolutionGuid = {632E8252-3322-437E-AEBB-510572CD19E8}
	EndGlobalSection
EndGlobal
